
Microsoft Visual Studio Solution File, Format Version 12.00
# Visual Studio Version 16
VisualStudioVersion = 16.0.31129.286
MinimumVisualStudioVersion = 10.0.40219.1
Project("{FAE04EC0-301F-11D3-BF4B-00C04F79EFBC}") = "PetCare", "PetCare\PetCare.csproj", "{EB0D9FB1-AB91-48EA-96F8-D806541E4094}"
EndProject
Global
	GlobalSection(SolutionConfigurationPlatforms) = preSolution
		Debug|Any CPU = Debug|Any CPU
		Release|Any CPU = Release|Any CPU
	EndGlobalSection
	GlobalSection(ProjectConfigurationPlatforms) = postSolution
		{EB0D9FB1-AB91-48EA-96F8-D806541E4094}.Debug|Any CPU.ActiveCfg = Debug|Any CPU
		{EB0D9FB1-AB91-48EA-96F8-D806541E4094}.Debug|Any CPU.Build.0 = Debug|Any CPU
		{EB0D9FB1-AB91-48EA-96F8-D806541E4094}.Release|Any CPU.ActiveCfg = Release|Any CPU
		{EB0D9FB1-AB91-48EA-96F8-D806541E4094}.Release|Any CPU.Build.0 = Release|Any CPU
	EndGlobalSection
	GlobalSection(SolutionProperties) = preSolution
		HideSolutionNode = FALSE
	EndGlobalSection
	GlobalSection(ExtensibilityGlobals) = postSolution
		SolutionGuid = {8EA59384-40B7-4F55-A228-08DB29D7B4E9}
	EndGlobalSection
EndGlobal
